
Microsoft Visual Studio Solution File, Format Version 12.00
# Visual Studio Version 17
VisualStudioVersion = 17.5.33627.172
MinimumVisualStudioVersion = 10.0.40219.1
Project("{FAE04EC0-301F-11D3-BF4B-00C04F79EFBC}") = "PracticeProblems", "PracticeProblems.csproj", "{8F278C72-69B8-4709-AB77-3FFE54F6915C}"
EndProject
Global
	GlobalSection(SolutionConfigurationPlatforms) = preSolution
		Debug|Any CPU = Debug|Any CPU
		Release|Any CPU = Release|Any CPU
	EndGlobalSection
	GlobalSection(ProjectConfigurationPlatforms) = postSolution
		{8F278C72-69B8-4709-AB77-3FFE54F6915C}.Debug|Any CPU.ActiveCfg = Debug|Any CPU
		{8F278C72-69B8-4709-AB77-3FFE54F6915C}.Debug|Any CPU.Build.0 = Debug|Any CPU
		{8F278C72-69B8-4709-AB77-3FFE54F6915C}.Release|Any CPU.ActiveCfg = Release|Any CPU
		{8F278C72-69B8-4709-AB77-3FFE54F6915C}.Release|Any CPU.Build.0 = Release|Any CPU
	EndGlobalSection
	GlobalSection(SolutionProperties) = preSolution
		HideSolutionNode = FALSE
	EndGlobalSection
	GlobalSection(ExtensibilityGlobals) = postSolution
		SolutionGuid = {9A7AC527-FA1E-4264-A5DD-AD0CA68DF404}
	EndGlobalSection
EndGlobal
